
Microsoft Visual Studio Solution File, Format Version 12.00
# Visual Studio Version 17
VisualStudioVersion = 17.11.35327.3
MinimumVisualStudioVersion = 10.0.40219.1
Project("{9A19103F-16F7-4668-BE54-9A1E7A4F7556}") = "UltraStrafe", "UltraStrafe.csproj", "{0617B36E-6518-4076-8C53-1FCEBEE5F17C}"
EndProject
Global
	GlobalSection(SolutionConfigurationPlatforms) = preSolution
		Debug|Any CPU = Debug|Any CPU
		Release|Any CPU = Release|Any CPU
	EndGlobalSection
	GlobalSection(ProjectConfigurationPlatforms) = postSolution
		{0617B36E-6518-4076-8C53-1FCEBEE5F17C}.Debug|Any CPU.ActiveCfg = Debug|Any CPU
		{0617B36E-6518-4076-8C53-1FCEBEE5F17C}.Debug|Any CPU.Build.0 = Debug|Any CPU
		{0617B36E-6518-4076-8C53-1FCEBEE5F17C}.Release|Any CPU.ActiveCfg = Release|Any CPU
		{0617B36E-6518-4076-8C53-1FCEBEE5F17C}.Release|Any CPU.Build.0 = Release|Any CPU
	EndGlobalSection
	GlobalSection(SolutionProperties) = preSolution
		HideSolutionNode = FALSE
	EndGlobalSection
	GlobalSection(ExtensibilityGlobals) = postSolution
		SolutionGuid = {18B62162-7F2E-4848-8DFF-9E8DEE8DB80A}
	EndGlobalSection
EndGlobal
